// !$*UTF8*$!
{
	archiveVersion = 1;
	classes = {
	};
	objectVersion = 56;
	objects = {

/* Begin PBXBuildFile section */
		D174E154298ACC7A0092424D /* RMLocation.swift in Sources */ = {isa = PBXBuildFile; fileRef = D174E153298ACC7A0092424D /* RMLocation.swift */; };
		D174E156298ACC8B0092424D /* RMCharacter.swift in Sources */ = {isa = PBXBuildFile; fileRef = D174E155298ACC8B0092424D /* RMCharacter.swift */; };
		D174E158298ACC9B0092424D /* RMEpisode.swift in Sources */ = {isa = PBXBuildFile; fileRef = D174E157298ACC9B0092424D /* RMEpisode.swift */; };
		D174E15B298ACDC40092424D /* RMCharacterViewController.swift in Sources */ = {isa = PBXBuildFile; fileRef = D174E15A298ACDC40092424D /* RMCharacterViewController.swift */; };
		D174E15D298ACDE40092424D /* RMLocationViewController.swift in Sources */ = {isa = PBXBuildFile; fileRef = D174E15C298ACDE40092424D /* RMLocationViewController.swift */; };
		D174E15F298ACE050092424D /* RMEpisodeViewController.swift in Sources */ = {isa = PBXBuildFile; fileRef = D174E15E298ACE050092424D /* RMEpisodeViewController.swift */; };
		D174E161298ACE1D0092424D /* RMSettingsViewController.swift in Sources */ = {isa = PBXBuildFile; fileRef = D174E160298ACE1D0092424D /* RMSettingsViewController.swift */; };
		D1C91E302986FB5900AF2A2F /* AppDelegate.swift in Sources */ = {isa = PBXBuildFile; fileRef = D1C91E2F2986FB5900AF2A2F /* AppDelegate.swift */; };
		D1C91E322986FB5900AF2A2F /* SceneDelegate.swift in Sources */ = {isa = PBXBuildFile; fileRef = D1C91E312986FB5900AF2A2F /* SceneDelegate.swift */; };
		D1C91E342986FB5900AF2A2F /* RMTabViewController.swift in Sources */ = {isa = PBXBuildFile; fileRef = D1C91E332986FB5900AF2A2F /* RMTabViewController.swift */; };
		D1C91E392986FB5A00AF2A2F /* Assets.xcassets in Resources */ = {isa = PBXBuildFile; fileRef = D1C91E382986FB5A00AF2A2F /* Assets.xcassets */; };
		D1C91E3C2986FB5A00AF2A2F /* LaunchScreen.storyboard in Resources */ = {isa = PBXBuildFile; fileRef = D1C91E3A2986FB5A00AF2A2F /* LaunchScreen.storyboard */; };
/* End PBXBuildFile section */

/* Begin PBXFileReference section */
		D174E153298ACC7A0092424D /* RMLocation.swift */ = {isa = PBXFileReference; lastKnownFileType = sourcecode.swift; path = RMLocation.swift; sourceTree = "<group>"; };
		D174E155298ACC8B0092424D /* RMCharacter.swift */ = {isa = PBXFileReference; lastKnownFileType = sourcecode.swift; path = RMCharacter.swift; sourceTree = "<group>"; };
		D174E157298ACC9B0092424D /* RMEpisode.swift */ = {isa = PBXFileReference; lastKnownFileType = sourcecode.swift; path = RMEpisode.swift; sourceTree = "<group>"; };
		D174E15A298ACDC40092424D /* RMCharacterViewController.swift */ = {isa = PBXFileReference; lastKnownFileType = sourcecode.swift; path = RMCharacterViewController.swift; sourceTree = "<group>"; };
		D174E15C298ACDE40092424D /* RMLocationViewController.swift */ = {isa = PBXFileReference; lastKnownFileType = sourcecode.swift; path = RMLocationViewController.swift; sourceTree = "<group>"; };
		D174E15E298ACE050092424D /* RMEpisodeViewController.swift */ = {isa = PBXFileReference; lastKnownFileType = sourcecode.swift; path = RMEpisodeViewController.swift; sourceTree = "<group>"; };
		D174E160298ACE1D0092424D /* RMSettingsViewController.swift */ = {isa = PBXFileReference; lastKnownFileType = sourcecode.swift; path = RMSettingsViewController.swift; sourceTree = "<group>"; };
		D1C91E2C2986FB5900AF2A2F /* Rick&Morty.app */ = {isa = PBXFileReference; explicitFileType = wrapper.application; includeInIndex = 0; path = "Rick&Morty.app"; sourceTree = BUILT_PRODUCTS_DIR; };
		D1C91E2F2986FB5900AF2A2F /* AppDelegate.swift */ = {isa = PBXFileReference; lastKnownFileType = sourcecode.swift; path = AppDelegate.swift; sourceTree = "<group>"; };
		D1C91E312986FB5900AF2A2F /* SceneDelegate.swift */ = {isa = PBXFileReference; lastKnownFileType = sourcecode.swift; path = SceneDelegate.swift; sourceTree = "<group>"; };
		D1C91E332986FB5900AF2A2F /* RMTabViewController.swift */ = {isa = PBXFileReference; lastKnownFileType = sourcecode.swift; path = RMTabViewController.swift; sourceTree = "<group>"; };
		D1C91E382986FB5A00AF2A2F /* Assets.xcassets */ = {isa = PBXFileReference; lastKnownFileType = folder.assetcatalog; path = Assets.xcassets; sourceTree = "<group>"; };
		D1C91E3B2986FB5A00AF2A2F /* Base */ = {isa = PBXFileReference; lastKnownFileType = file.storyboard; name = Base; path = Base.lproj/LaunchScreen.storyboard; sourceTree = "<group>"; };
		D1C91E3D2986FB5A00AF2A2F /* Info.plist */ = {isa = PBXFileReference; lastKnownFileType = text.plist.xml; path = Info.plist; sourceTree = "<group>"; };
/* End PBXFileReference section */

/* Begin PBXFrameworksBuildPhase section */
		D1C91E292986FB5900AF2A2F /* Frameworks */ = {
			isa = PBXFrameworksBuildPhase;
			buildActionMask = 2147483647;
			files = (
			);
			runOnlyForDeploymentPostprocessing = 0;
		};
/* End PBXFrameworksBuildPhase section */

/* Begin PBXGroup section */
		D174E159298ACD670092424D /* Core */ = {
			isa = PBXGroup;
			children = (
				D1C91E332986FB5900AF2A2F /* RMTabViewController.swift */,
				D174E15A298ACDC40092424D /* RMCharacterViewController.swift */,
				D174E15C298ACDE40092424D /* RMLocationViewController.swift */,
				D174E15E298ACE050092424D /* RMEpisodeViewController.swift */,
				D174E160298ACE1D0092424D /* RMSettingsViewController.swift */,
			);
			path = Core;
			sourceTree = "<group>";
		};
		D1C91E232986FB5900AF2A2F = {
			isa = PBXGroup;
			children = (
				D1C91E2E2986FB5900AF2A2F /* Rick&Morty */,
				D1C91E2D2986FB5900AF2A2F /* Products */,
			);
			sourceTree = "<group>";
		};
		D1C91E2D2986FB5900AF2A2F /* Products */ = {
			isa = PBXGroup;
			children = (
				D1C91E2C2986FB5900AF2A2F /* Rick&Morty.app */,
			);
			name = Products;
			sourceTree = "<group>";
		};
		D1C91E2E2986FB5900AF2A2F /* Rick&Morty */ = {
			isa = PBXGroup;
			children = (
				D1C91E4C2986FD1700AF2A2F /* Resources */,
				D1C91E472986FCCD00AF2A2F /* Managers */,
				D1C91E4A2986FCFD00AF2A2F /* APIClient */,
				D1C91E462986FCC600AF2A2F /* ViewModel */,
				D1C91E4B2986FD0500AF2A2F /* Views */,
				D1C91E442986FCB700AF2A2F /* Models */,
				D1C91E432986FCAB00AF2A2F /* Controlllers */,
				D1C91E3D2986FB5A00AF2A2F /* Info.plist */,
			);
			path = "Rick&Morty";
			sourceTree = "<group>";
		};
		D1C91E432986FCAB00AF2A2F /* Controlllers */ = {
			isa = PBXGroup;
			children = (
				D174E159298ACD670092424D /* Core */,
			);
			path = Controlllers;
			sourceTree = "<group>";
		};
		D1C91E442986FCB700AF2A2F /* Models */ = {
			isa = PBXGroup;
			children = (
				D174E153298ACC7A0092424D /* RMLocation.swift */,
				D174E155298ACC8B0092424D /* RMCharacter.swift */,
				D174E157298ACC9B0092424D /* RMEpisode.swift */,
			);
			path = Models;
			sourceTree = "<group>";
		};
		D1C91E462986FCC600AF2A2F /* ViewModel */ = {
			isa = PBXGroup;
			children = (
			);
			path = ViewModel;
			sourceTree = "<group>";
		};
		D1C91E472986FCCD00AF2A2F /* Managers */ = {
			isa = PBXGroup;
			children = (
			);
			path = Managers;
			sourceTree = "<group>";
		};
		D1C91E4A2986FCFD00AF2A2F /* APIClient */ = {
			isa = PBXGroup;
			children = (
			);
			path = APIClient;
			sourceTree = "<group>";
		};
		D1C91E4B2986FD0500AF2A2F /* Views */ = {
			isa = PBXGroup;
			children = (
			);
			path = Views;
			sourceTree = "<group>";
		};
		D1C91E4C2986FD1700AF2A2F /* Resources */ = {
			isa = PBXGroup;
			children = (
				D1C91E2F2986FB5900AF2A2F /* AppDelegate.swift */,
				D1C91E312986FB5900AF2A2F /* SceneDelegate.swift */,
				D1C91E382986FB5A00AF2A2F /* Assets.xcassets */,
				D1C91E3A2986FB5A00AF2A2F /* LaunchScreen.storyboard */,
			);
			path = Resources;
			sourceTree = "<group>";
		};
/* End PBXGroup section */

/* Begin PBXNativeTarget section */
		D1C91E2B2986FB5900AF2A2F /* Rick&Morty */ = {
			isa = PBXNativeTarget;
			buildConfigurationList = D1C91E402986FB5A00AF2A2F /* Build configuration list for PBXNativeTarget "Rick&Morty" */;
			buildPhases = (
				D1C91E282986FB5900AF2A2F /* Sources */,
				D1C91E292986FB5900AF2A2F /* Frameworks */,
				D1C91E2A2986FB5900AF2A2F /* Resources */,
			);
			buildRules = (
			);
			dependencies = (
			);
			name = "Rick&Morty";
			productName = "Rick&Morty";
			productReference = D1C91E2C2986FB5900AF2A2F /* Rick&Morty.app */;
			productType = "com.apple.product-type.application";
		};
/* End PBXNativeTarget section */

/* Begin PBXProject section */
		D1C91E242986FB5900AF2A2F /* Project object */ = {
			isa = PBXProject;
			attributes = {
				BuildIndependentTargetsInParallel = 1;
				LastSwiftUpdateCheck = 1400;
				LastUpgradeCheck = 1400;
				TargetAttributes = {
					D1C91E2B2986FB5900AF2A2F = {
						CreatedOnToolsVersion = 14.0.1;
					};
				};
			};
			buildConfigurationList = D1C91E272986FB5900AF2A2F /* Build configuration list for PBXProject "Rick&Morty" */;
			compatibilityVersion = "Xcode 14.0";
			developmentRegion = en;
			hasScannedForEncodings = 0;
			knownRegions = (
				en,
				Base,
			);
			mainGroup = D1C91E232986FB5900AF2A2F;
			productRefGroup = D1C91E2D2986FB5900AF2A2F /* Products */;
			projectDirPath = "";
			projectRoot = "";
			targets = (
				D1C91E2B2986FB5900AF2A2F /* Rick&Morty */,
			);
		};
/* End PBXProject section */

/* Begin PBXResourcesBuildPhase section */
		D1C91E2A2986FB5900AF2A2F /* Resources */ = {
			isa = PBXResourcesBuildPhase;
			buildActionMask = 2147483647;
			files = (
				D1C91E3C2986FB5A00AF2A2F /* LaunchScreen.storyboard in Resources */,
				D1C91E392986FB5A00AF2A2F /* Assets.xcassets in Resources */,
			);
			runOnlyForDeploymentPostprocessing = 0;
		};
/* End PBXResourcesBuildPhase section */

/* Begin PBXSourcesBuildPhase section */
		D1C91E282986FB5900AF2A2F /* Sources */ = {
			isa = PBXSourcesBuildPhase;
			buildActionMask = 2147483647;
			files = (
				D174E15D298ACDE40092424D /* RMLocationViewController.swift in Sources */,
				D174E158298ACC9B0092424D /* RMEpisode.swift in Sources */,
				D1C91E342986FB5900AF2A2F /* RMTabViewController.swift in Sources */,
				D174E15F298ACE050092424D /* RMEpisodeViewController.swift in Sources */,
				D1C91E302986FB5900AF2A2F /* AppDelegate.swift in Sources */,
				D1C91E322986FB5900AF2A2F /* SceneDelegate.swift in Sources */,
				D174E161298ACE1D0092424D /* RMSettingsViewController.swift in Sources */,
				D174E154298ACC7A0092424D /* RMLocation.swift in Sources */,
				D174E156298ACC8B0092424D /* RMCharacter.swift in Sources */,
				D174E15B298ACDC40092424D /* RMCharacterViewController.swift in Sources */,
			);
			runOnlyForDeploymentPostprocessing = 0;
		};
/* End PBXSourcesBuildPhase section */

/* Begin PBXVariantGroup section */
		D1C91E3A2986FB5A00AF2A2F /* LaunchScreen.storyboard */ = {
			isa = PBXVariantGroup;
			children = (
				D1C91E3B2986FB5A00AF2A2F /* Base */,
			);
			name = LaunchScreen.storyboard;
			sourceTree = "<group>";
		};
/* End PBXVariantGroup section */

/* Begin XCBuildConfiguration section */
		D1C91E3E2986FB5A00AF2A2F /* Debug */ = {
			isa = XCBuildConfiguration;
			buildSettings = {
				ALWAYS_SEARCH_USER_PATHS = NO;
				CLANG_ANALYZER_NONNULL = YES;
				CLANG_ANALYZER_NUMBER_OBJECT_CONVERSION = YES_AGGRESSIVE;
				CLANG_CXX_LANGUAGE_STANDARD = "gnu++20";
				CLANG_ENABLE_MODULES = YES;
				CLANG_ENABLE_OBJC_ARC = YES;
				CLANG_ENABLE_OBJC_WEAK = YES;
				CLANG_WARN_BLOCK_CAPTURE_AUTORELEASING = YES;
				CLANG_WARN_BOOL_CONVERSION = YES;
				CLANG_WARN_COMMA = YES;
				CLANG_WARN_CONSTANT_CONVERSION = YES;
				CLANG_WARN_DEPRECATED_OBJC_IMPLEMENTATIONS = YES;
				CLANG_WARN_DIRECT_OBJC_ISA_USAGE = YES_ERROR;
				CLANG_WARN_DOCUMENTATION_COMMENTS = YES;
				CLANG_WARN_EMPTY_BODY = YES;
				CLANG_WARN_ENUM_CONVERSION = YES;
				CLANG_WARN_INFINITE_RECURSION = YES;
				CLANG_WARN_INT_CONVERSION = YES;
				CLANG_WARN_NON_LITERAL_NULL_CONVERSION = YES;
				CLANG_WARN_OBJC_IMPLICIT_RETAIN_SELF = YES;
				CLANG_WARN_OBJC_LITERAL_CONVERSION = YES;
				CLANG_WARN_OBJC_ROOT_CLASS = YES_ERROR;
				CLANG_WARN_QUOTED_INCLUDE_IN_FRAMEWORK_HEADER = YES;
				CLANG_WARN_RANGE_LOOP_ANALYSIS = YES;
				CLANG_WARN_STRICT_PROTOTYPES = YES;
				CLANG_WARN_SUSPICIOUS_MOVE = YES;
				CLANG_WARN_UNGUARDED_AVAILABILITY = YES_AGGRESSIVE;
				CLANG_WARN_UNREACHABLE_CODE = YES;
				CLANG_WARN__DUPLICATE_METHOD_MATCH = YES;
				COPY_PHASE_STRIP = NO;
				DEBUG_INFORMATION_FORMAT = dwarf;
				ENABLE_STRICT_OBJC_MSGSEND = YES;
				ENABLE_TESTABILITY = YES;
				GCC_C_LANGUAGE_STANDARD = gnu11;
				GCC_DYNAMIC_NO_PIC = NO;
				GCC_NO_COMMON_BLOCKS = YES;
				GCC_OPTIMIZATION_LEVEL = 0;
				GCC_PREPROCESSOR_DEFINITIONS = (
					"DEBUG=1",
					"$(inherited)",
				);
				GCC_WARN_64_TO_32_BIT_CONVERSION = YES;
				GCC_WARN_ABOUT_RETURN_TYPE = YES_ERROR;
				GCC_WARN_UNDECLARED_SELECTOR = YES;
				GCC_WARN_UNINITIALIZED_AUTOS = YES_AGGRESSIVE;
				GCC_WARN_UNUSED_FUNCTION = YES;
				GCC_WARN_UNUSED_VARIABLE = YES;
				IPHONEOS_DEPLOYMENT_TARGET = 16.0;
				MTL_ENABLE_DEBUG_INFO = INCLUDE_SOURCE;
				MTL_FAST_MATH = YES;
				ONLY_ACTIVE_ARCH = YES;
				SDKROOT = iphoneos;
				SWIFT_ACTIVE_COMPILATION_CONDITIONS = DEBUG;
				SWIFT_OPTIMIZATION_LEVEL = "-Onone";
			};
			name = Debug;
		};
		D1C91E3F2986FB5A00AF2A2F /* Release */ = {
			isa = XCBuildConfiguration;
			buildSettings = {
				ALWAYS_SEARCH_USER_PATHS = NO;
				CLANG_ANALYZER_NONNULL = YES;
				CLANG_ANALYZER_NUMBER_OBJECT_CONVERSION = YES_AGGRESSIVE;
				CLANG_CXX_LANGUAGE_STANDARD = "gnu++20";
				CLANG_ENABLE_MODULES = YES;
				CLANG_ENABLE_OBJC_ARC = YES;
				CLANG_ENABLE_OBJC_WEAK = YES;
				CLANG_WARN_BLOCK_CAPTURE_AUTORELEASING = YES;
				CLANG_WARN_BOOL_CONVERSION = YES;
				CLANG_WARN_COMMA = YES;
				CLANG_WARN_CONSTANT_CONVERSION = YES;
				CLANG_WARN_DEPRECATED_OBJC_IMPLEMENTATIONS = YES;
				CLANG_WARN_DIRECT_OBJC_ISA_USAGE = YES_ERROR;
				CLANG_WARN_DOCUMENTATION_COMMENTS = YES;
				CLANG_WARN_EMPTY_BODY = YES;
				CLANG_WARN_ENUM_CONVERSION = YES;
				CLANG_WARN_INFINITE_RECURSION = YES;
				CLANG_WARN_INT_CONVERSION = YES;
				CLANG_WARN_NON_LITERAL_NULL_CONVERSION = YES;
				CLANG_WARN_OBJC_IMPLICIT_RETAIN_SELF = YES;
				CLANG_WARN_OBJC_LITERAL_CONVERSION = YES;
				CLANG_WARN_OBJC_ROOT_CLASS = YES_ERROR;
				CLANG_WARN_QUOTED_INCLUDE_IN_FRAMEWORK_HEADER = YES;
				CLANG_WARN_RANGE_LOOP_ANALYSIS = YES;
				CLANG_WARN_STRICT_PROTOTYPES = YES;
				CLANG_WARN_SUSPICIOUS_MOVE = YES;
				CLANG_WARN_UNGUARDED_AVAILABILITY = YES_AGGRESSIVE;
				CLANG_WARN_UNREACHABLE_CODE = YES;
				CLANG_WARN__DUPLICATE_METHOD_MATCH = YES;
				COPY_PHASE_STRIP = NO;
				DEBUG_INFORMATION_FORMAT = "dwarf-with-dsym";
				ENABLE_NS_ASSERTIONS = NO;
				ENABLE_STRICT_OBJC_MSGSEND = YES;
				GCC_C_LANGUAGE_STANDARD = gnu11;
				GCC_NO_COMMON_BLOCKS = YES;
				GCC_WARN_64_TO_32_BIT_CONVERSION = YES;
				GCC_WARN_ABOUT_RETURN_TYPE = YES_ERROR;
				GCC_WARN_UNDECLARED_SELECTOR = YES;
				GCC_WARN_UNINITIALIZED_AUTOS = YES_AGGRESSIVE;
				GCC_WARN_UNUSED_FUNCTION = YES;
				GCC_WARN_UNUSED_VARIABLE = YES;
				IPHONEOS_DEPLOYMENT_TARGET = 16.0;
				MTL_ENABLE_DEBUG_INFO = NO;
				MTL_FAST_MATH = YES;
				SDKROOT = iphoneos;
				SWIFT_COMPILATION_MODE = wholemodule;
				SWIFT_OPTIMIZATION_LEVEL = "-O";
				VALIDATE_PRODUCT = YES;
			};
			name = Release;
		};
		D1C91E412986FB5A00AF2A2F /* Debug */ = {
			isa = XCBuildConfiguration;
			buildSettings = {
				ASSETCATALOG_COMPILER_APPICON_NAME = AppIcon;
				ASSETCATALOG_COMPILER_GLOBAL_ACCENT_COLOR_NAME = AccentColor;
				CODE_SIGN_STYLE = Automatic;
				CURRENT_PROJECT_VERSION = 1;
				DEVELOPMENT_TEAM = Z36TPB82KU;
				GENERATE_INFOPLIST_FILE = YES;
				INFOPLIST_FILE = "Rick&Morty/Info.plist";
				INFOPLIST_KEY_UIApplicationSupportsIndirectInputEvents = YES;
				INFOPLIST_KEY_UILaunchStoryboardName = LaunchScreen;
				INFOPLIST_KEY_UISupportedInterfaceOrientations_iPad = "UIInterfaceOrientationPortrait UIInterfaceOrientationPortraitUpsideDown UIInterfaceOrientationLandscapeLeft UIInterfaceOrientationLandscapeRight";
				INFOPLIST_KEY_UISupportedInterfaceOrientations_iPhone = "UIInterfaceOrientationPortrait UIInterfaceOrientationLandscapeLeft UIInterfaceOrientationLandscapeRight";
				LD_RUNPATH_SEARCH_PATHS = (
					"$(inherited)",
					"@executable_path/Frameworks",
				);
				MARKETING_VERSION = 1.0;
				PRODUCT_BUNDLE_IDENTIFIER = "IkerPerea.Rick-Morty";
				PRODUCT_NAME = "$(TARGET_NAME)";
				SWIFT_EMIT_LOC_STRINGS = YES;
				SWIFT_VERSION = 5.0;
				TARGETED_DEVICE_FAMILY = "1,2";
			};
			name = Debug;
		};
		D1C91E422986FB5A00AF2A2F /* Release */ = {
			isa = XCBuildConfiguration;
			buildSettings = {
				ASSETCATALOG_COMPILER_APPICON_NAME = AppIcon;
				ASSETCATALOG_COMPILER_GLOBAL_ACCENT_COLOR_NAME = AccentColor;
				CODE_SIGN_STYLE = Automatic;
				CURRENT_PROJECT_VERSION = 1;
				DEVELOPMENT_TEAM = Z36TPB82KU;
				GENERATE_INFOPLIST_FILE = YES;
				INFOPLIST_FILE = "Rick&Morty/Info.plist";
				INFOPLIST_KEY_UIApplicationSupportsIndirectInputEvents = YES;
				INFOPLIST_KEY_UILaunchStoryboardName = LaunchScreen;
				INFOPLIST_KEY_UISupportedInterfaceOrientations_iPad = "UIInterfaceOrientationPortrait UIInterfaceOrientationPortraitUpsideDown UIInterfaceOrientationLandscapeLeft UIInterfaceOrientationLandscapeRight";
				INFOPLIST_KEY_UISupportedInterfaceOrientations_iPhone = "UIInterfaceOrientationPortrait UIInterfaceOrientationLandscapeLeft UIInterfaceOrientationLandscapeRight";
				LD_RUNPATH_SEARCH_PATHS = (
					"$(inherited)",
					"@executable_path/Frameworks",
				);
				MARKETING_VERSION = 1.0;
				PRODUCT_BUNDLE_IDENTIFIER = "IkerPerea.Rick-Morty";
				PRODUCT_NAME = "$(TARGET_NAME)";
				SWIFT_EMIT_LOC_STRINGS = YES;
				SWIFT_VERSION = 5.0;
				TARGETED_DEVICE_FAMILY = "1,2";
			};
			name = Release;
		};
/* End XCBuildConfiguration section */

/* Begin XCConfigurationList section */
		D1C91E272986FB5900AF2A2F /* Build configuration list for PBXProject "Rick&Morty" */ = {
			isa = XCConfigurationList;
			buildConfigurations = (
				D1C91E3E2986FB5A00AF2A2F /* Debug */,
				D1C91E3F2986FB5A00AF2A2F /* Release */,
			);
			defaultConfigurationIsVisible = 0;
			defaultConfigurationName = Release;
		};
		D1C91E402986FB5A00AF2A2F /* Build configuration list for PBXNativeTarget "Rick&Morty" */ = {
			isa = XCConfigurationList;
			buildConfigurations = (
				D1C91E412986FB5A00AF2A2F /* Debug */,
				D1C91E422986FB5A00AF2A2F /* Release */,
			);
			defaultConfigurationIsVisible = 0;
			defaultConfigurationName = Release;
		};
/* End XCConfigurationList section */
	};
	rootObject = D1C91E242986FB5900AF2A2F /* Project object */;
}
